
Microsoft Visual Studio Solution File, Format Version 12.00
# Visual Studio Version 17
VisualStudioVersion = 17.8.34330.188
MinimumVisualStudioVersion = 10.0.40219.1
Project("{FAE04EC0-301F-11D3-BF4B-00C04F79EFBC}") = "RetroReserve", "RetroReserve\RetroReserve.csproj", "{0306AFFA-D0FA-4996-9573-B35EA8EAAE24}"
EndProject
Project("{FAE04EC0-301F-11D3-BF4B-00C04F79EFBC}") = "API", "API\API.csproj", "{D522B674-1AF6-4B7B-95B3-8853F1075D7C}"
EndProject
Project("{FAE04EC0-301F-11D3-BF4B-00C04F79EFBC}") = "Entities", "Entities\Entities.csproj", "{F771C7A2-E479-463B-ADA8-3F8D2DD22901}"
EndProject
Global
	GlobalSection(SolutionConfigurationPlatforms) = preSolution
		Debug|Any CPU = Debug|Any CPU
		Release|Any CPU = Release|Any CPU
	EndGlobalSection
	GlobalSection(ProjectConfigurationPlatforms) = postSolution
		{0306AFFA-D0FA-4996-9573-B35EA8EAAE24}.Debug|Any CPU.ActiveCfg = Debug|Any CPU
		{0306AFFA-D0FA-4996-9573-B35EA8EAAE24}.Debug|Any CPU.Build.0 = Debug|Any CPU
		{0306AFFA-D0FA-4996-9573-B35EA8EAAE24}.Release|Any CPU.ActiveCfg = Release|Any CPU
		{0306AFFA-D0FA-4996-9573-B35EA8EAAE24}.Release|Any CPU.Build.0 = Release|Any CPU
		{D522B674-1AF6-4B7B-95B3-8853F1075D7C}.Debug|Any CPU.ActiveCfg = Debug|Any CPU
		{D522B674-1AF6-4B7B-95B3-8853F1075D7C}.Debug|Any CPU.Build.0 = Debug|Any CPU
		{D522B674-1AF6-4B7B-95B3-8853F1075D7C}.Release|Any CPU.ActiveCfg = Release|Any CPU
		{D522B674-1AF6-4B7B-95B3-8853F1075D7C}.Release|Any CPU.Build.0 = Release|Any CPU
		{F771C7A2-E479-463B-ADA8-3F8D2DD22901}.Debug|Any CPU.ActiveCfg = Debug|Any CPU
		{F771C7A2-E479-463B-ADA8-3F8D2DD22901}.Debug|Any CPU.Build.0 = Debug|Any CPU
		{F771C7A2-E479-463B-ADA8-3F8D2DD22901}.Release|Any CPU.ActiveCfg = Release|Any CPU
		{F771C7A2-E479-463B-ADA8-3F8D2DD22901}.Release|Any CPU.Build.0 = Release|Any CPU
	EndGlobalSection
	GlobalSection(SolutionProperties) = preSolution
		HideSolutionNode = FALSE
	EndGlobalSection
	GlobalSection(ExtensibilityGlobals) = postSolution
		SolutionGuid = {E2FCCB4C-30F2-4218-B754-F8E6F3579A36}
	EndGlobalSection
EndGlobal
